// !$*UTF8*$!
{
	archiveVersion = 1;
	classes = {
	};
	objectVersion = 50;
	objects = {

/* Begin PBXBuildFile section */
		4753097D262170C40088AEC1 /* GameResultView.swift in Sources */ = {isa = PBXBuildFile; fileRef = 4753097C262170C40088AEC1 /* GameResultView.swift */; };
		4753098026217D200088AEC1 /* LeaderBoardView.swift in Sources */ = {isa = PBXBuildFile; fileRef = 4753097F26217D200088AEC1 /* LeaderBoardView.swift */; };
		4753098326218C1B0088AEC1 /* AppController.swift in Sources */ = {isa = PBXBuildFile; fileRef = 4753098226218C1B0088AEC1 /* AppController.swift */; };
		475309912621AF9F0088AEC1 /* ProgressBar.swift in Sources */ = {isa = PBXBuildFile; fileRef = 475309902621AF9F0088AEC1 /* ProgressBar.swift */; };
		478BEDE4260B202800D795E6 /* gesture_gameApp.swift in Sources */ = {isa = PBXBuildFile; fileRef = 478BEDE3260B202800D795E6 /* gesture_gameApp.swift */; };
		478BEDE6260B202800D795E6 /* HomeView.swift in Sources */ = {isa = PBXBuildFile; fileRef = 478BEDE5260B202800D795E6 /* HomeView.swift */; };
		478BEDE8260B202A00D795E6 /* Assets.xcassets in Resources */ = {isa = PBXBuildFile; fileRef = 478BEDE7260B202A00D795E6 /* Assets.xcassets */; };
		478BEDEB260B202A00D795E6 /* Preview Assets.xcassets in Resources */ = {isa = PBXBuildFile; fileRef = 478BEDEA260B202A00D795E6 /* Preview Assets.xcassets */; };
		478BEDF4260B204E00D795E6 /* InGameView.swift in Sources */ = {isa = PBXBuildFile; fileRef = 478BEDF3260B204E00D795E6 /* InGameView.swift */; };
/* End PBXBuildFile section */

/* Begin PBXFileReference section */
		4753097C262170C40088AEC1 /* GameResultView.swift */ = {isa = PBXFileReference; lastKnownFileType = sourcecode.swift; path = GameResultView.swift; sourceTree = "<group>"; };
		4753097F26217D200088AEC1 /* LeaderBoardView.swift */ = {isa = PBXFileReference; lastKnownFileType = sourcecode.swift; path = LeaderBoardView.swift; sourceTree = "<group>"; };
		4753098226218C1B0088AEC1 /* AppController.swift */ = {isa = PBXFileReference; lastKnownFileType = sourcecode.swift; path = AppController.swift; sourceTree = "<group>"; };
		475309902621AF9F0088AEC1 /* ProgressBar.swift */ = {isa = PBXFileReference; lastKnownFileType = sourcecode.swift; path = ProgressBar.swift; sourceTree = "<group>"; };
		478BEDE0260B202800D795E6 /* gesture_game.app */ = {isa = PBXFileReference; explicitFileType = wrapper.application; includeInIndex = 0; path = gesture_game.app; sourceTree = BUILT_PRODUCTS_DIR; };
		478BEDE3260B202800D795E6 /* gesture_gameApp.swift */ = {isa = PBXFileReference; lastKnownFileType = sourcecode.swift; path = gesture_gameApp.swift; sourceTree = "<group>"; };
		478BEDE5260B202800D795E6 /* HomeView.swift */ = {isa = PBXFileReference; lastKnownFileType = sourcecode.swift; path = HomeView.swift; sourceTree = "<group>"; };
		478BEDE7260B202A00D795E6 /* Assets.xcassets */ = {isa = PBXFileReference; lastKnownFileType = folder.assetcatalog; path = Assets.xcassets; sourceTree = "<group>"; };
		478BEDEA260B202A00D795E6 /* Preview Assets.xcassets */ = {isa = PBXFileReference; lastKnownFileType = folder.assetcatalog; path = "Preview Assets.xcassets"; sourceTree = "<group>"; };
		478BEDEC260B202A00D795E6 /* Info.plist */ = {isa = PBXFileReference; lastKnownFileType = text.plist.xml; path = Info.plist; sourceTree = "<group>"; };
		478BEDF3260B204E00D795E6 /* InGameView.swift */ = {isa = PBXFileReference; lastKnownFileType = sourcecode.swift; path = InGameView.swift; sourceTree = "<group>"; };
/* End PBXFileReference section */

/* Begin PBXFrameworksBuildPhase section */
		478BEDDD260B202800D795E6 /* Frameworks */ = {
			isa = PBXFrameworksBuildPhase;
			buildActionMask = 2147483647;
			files = (
			);
			runOnlyForDeploymentPostprocessing = 0;
		};
/* End PBXFrameworksBuildPhase section */

/* Begin PBXGroup section */
		478BEDD7260B202700D795E6 = {
			isa = PBXGroup;
			children = (
				478BEDE2260B202800D795E6 /* gesture_game */,
				478BEDE1260B202800D795E6 /* Products */,
			);
			sourceTree = "<group>";
		};
		478BEDE1260B202800D795E6 /* Products */ = {
			isa = PBXGroup;
			children = (
				478BEDE0260B202800D795E6 /* gesture_game.app */,
			);
			name = Products;
			sourceTree = "<group>";
		};
		478BEDE2260B202800D795E6 /* gesture_game */ = {
			isa = PBXGroup;
			children = (
				478BEDE3260B202800D795E6 /* gesture_gameApp.swift */,
				478BEDE5260B202800D795E6 /* HomeView.swift */,
				478BEDE7260B202A00D795E6 /* Assets.xcassets */,
				478BEDEC260B202A00D795E6 /* Info.plist */,
				478BEDE9260B202A00D795E6 /* Preview Content */,
				478BEDF3260B204E00D795E6 /* InGameView.swift */,
				4753097C262170C40088AEC1 /* GameResultView.swift */,
				4753097F26217D200088AEC1 /* LeaderBoardView.swift */,
				4753098226218C1B0088AEC1 /* AppController.swift */,
				475309902621AF9F0088AEC1 /* ProgressBar.swift */,
			);
			path = gesture_game;
			sourceTree = "<group>";
		};
		478BEDE9260B202A00D795E6 /* Preview Content */ = {
			isa = PBXGroup;
			children = (
				478BEDEA260B202A00D795E6 /* Preview Assets.xcassets */,
			);
			path = "Preview Content";
			sourceTree = "<group>";
		};
/* End PBXGroup section */

/* Begin PBXNativeTarget section */
		478BEDDF260B202800D795E6 /* gesture_game */ = {
			isa = PBXNativeTarget;
			buildConfigurationList = 478BEDEF260B202A00D795E6 /* Build configuration list for PBXNativeTarget "gesture_game" */;
			buildPhases = (
				478BEDDC260B202800D795E6 /* Sources */,
				478BEDDD260B202800D795E6 /* Frameworks */,
				478BEDDE260B202800D795E6 /* Resources */,
			);
			buildRules = (
			);
			dependencies = (
			);
			name = gesture_game;
			productName = gesture_game;
			productReference = 478BEDE0260B202800D795E6 /* gesture_game.app */;
			productType = "com.apple.product-type.application";
		};
/* End PBXNativeTarget section */

/* Begin PBXProject section */
		478BEDD8260B202700D795E6 /* Project object */ = {
			isa = PBXProject;
			attributes = {
				LastSwiftUpdateCheck = 1240;
				LastUpgradeCheck = 1240;
				TargetAttributes = {
					478BEDDF260B202800D795E6 = {
						CreatedOnToolsVersion = 12.4;
					};
				};
			};
			buildConfigurationList = 478BEDDB260B202700D795E6 /* Build configuration list for PBXProject "gesture_game" */;
			compatibilityVersion = "Xcode 9.3";
			developmentRegion = en;
			hasScannedForEncodings = 0;
			knownRegions = (
				en,
				Base,
			);
			mainGroup = 478BEDD7260B202700D795E6;
			productRefGroup = 478BEDE1260B202800D795E6 /* Products */;
			projectDirPath = "";
			projectRoot = "";
			targets = (
				478BEDDF260B202800D795E6 /* gesture_game */,
			);
		};
/* End PBXProject section */

/* Begin PBXResourcesBuildPhase section */
		478BEDDE260B202800D795E6 /* Resources */ = {
			isa = PBXResourcesBuildPhase;
			buildActionMask = 2147483647;
			files = (
				478BEDEB260B202A00D795E6 /* Preview Assets.xcassets in Resources */,
				478BEDE8260B202A00D795E6 /* Assets.xcassets in Resources */,
			);
			runOnlyForDeploymentPostprocessing = 0;
		};
/* End PBXResourcesBuildPhase section */

/* Begin PBXSourcesBuildPhase section */
		478BEDDC260B202800D795E6 /* Sources */ = {
			isa = PBXSourcesBuildPhase;
			buildActionMask = 2147483647;
			files = (
				478BEDF4260B204E00D795E6 /* InGameView.swift in Sources */,
				478BEDE6260B202800D795E6 /* HomeView.swift in Sources */,
				4753098326218C1B0088AEC1 /* AppController.swift in Sources */,
				478BEDE4260B202800D795E6 /* gesture_gameApp.swift in Sources */,
				4753097D262170C40088AEC1 /* GameResultView.swift in Sources */,
				4753098026217D200088AEC1 /* LeaderBoardView.swift in Sources */,
				475309912621AF9F0088AEC1 /* ProgressBar.swift in Sources */,
			);
			runOnlyForDeploymentPostprocessing = 0;
		};
/* End PBXSourcesBuildPhase section */

/* Begin XCBuildConfiguration section */
		478BEDED260B202A00D795E6 /* Debug */ = {
			isa = XCBuildConfiguration;
			buildSettings = {
				ALWAYS_SEARCH_USER_PATHS = NO;
				CLANG_ANALYZER_NONNULL = YES;
				CLANG_ANALYZER_NUMBER_OBJECT_CONVERSION = YES_AGGRESSIVE;
				CLANG_CXX_LANGUAGE_STANDARD = "gnu++14";
				CLANG_CXX_LIBRARY = "libc++";
				CLANG_ENABLE_MODULES = YES;
				CLANG_ENABLE_OBJC_ARC = YES;
				CLANG_ENABLE_OBJC_WEAK = YES;
				CLANG_WARN_BLOCK_CAPTURE_AUTORELEASING = YES;
				CLANG_WARN_BOOL_CONVERSION = YES;
				CLANG_WARN_COMMA = YES;
				CLANG_WARN_CONSTANT_CONVERSION = YES;
				CLANG_WARN_DEPRECATED_OBJC_IMPLEMENTATIONS = YES;
				CLANG_WARN_DIRECT_OBJC_ISA_USAGE = YES_ERROR;
				CLANG_WARN_DOCUMENTATION_COMMENTS = YES;
				CLANG_WARN_EMPTY_BODY = YES;
				CLANG_WARN_ENUM_CONVERSION = YES;
				CLANG_WARN_INFINITE_RECURSION = YES;
				CLANG_WARN_INT_CONVERSION = YES;
				CLANG_WARN_NON_LITERAL_NULL_CONVERSION = YES;
				CLANG_WARN_OBJC_IMPLICIT_RETAIN_SELF = YES;
				CLANG_WARN_OBJC_LITERAL_CONVERSION = YES;
				CLANG_WARN_OBJC_ROOT_CLASS = YES_ERROR;
				CLANG_WARN_QUOTED_INCLUDE_IN_FRAMEWORK_HEADER = YES;
				CLANG_WARN_RANGE_LOOP_ANALYSIS = YES;
				CLANG_WARN_STRICT_PROTOTYPES = YES;
				CLANG_WARN_SUSPICIOUS_MOVE = YES;
				CLANG_WARN_UNGUARDED_AVAILABILITY = YES_AGGRESSIVE;
				CLANG_WARN_UNREACHABLE_CODE = YES;
				CLANG_WARN__DUPLICATE_METHOD_MATCH = YES;
				COPY_PHASE_STRIP = NO;
				DEBUG_INFORMATION_FORMAT = dwarf;
				ENABLE_STRICT_OBJC_MSGSEND = YES;
				ENABLE_TESTABILITY = YES;
				GCC_C_LANGUAGE_STANDARD = gnu11;
				GCC_DYNAMIC_NO_PIC = NO;
				GCC_NO_COMMON_BLOCKS = YES;
				GCC_OPTIMIZATION_LEVEL = 0;
				GCC_PREPROCESSOR_DEFINITIONS = (
					"DEBUG=1",
					"$(inherited)",
				);
				GCC_WARN_64_TO_32_BIT_CONVERSION = YES;
				GCC_WARN_ABOUT_RETURN_TYPE = YES_ERROR;
				GCC_WARN_UNDECLARED_SELECTOR = YES;
				GCC_WARN_UNINITIALIZED_AUTOS = YES_AGGRESSIVE;
				GCC_WARN_UNUSED_FUNCTION = YES;
				GCC_WARN_UNUSED_VARIABLE = YES;
				IPHONEOS_DEPLOYMENT_TARGET = 14.4;
				MTL_ENABLE_DEBUG_INFO = INCLUDE_SOURCE;
				MTL_FAST_MATH = YES;
				ONLY_ACTIVE_ARCH = YES;
				SDKROOT = iphoneos;
				SWIFT_ACTIVE_COMPILATION_CONDITIONS = DEBUG;
				SWIFT_OPTIMIZATION_LEVEL = "-Onone";
			};
			name = Debug;
		};
		478BEDEE260B202A00D795E6 /* Release */ = {
			isa = XCBuildConfiguration;
			buildSettings = {
				ALWAYS_SEARCH_USER_PATHS = NO;
				CLANG_ANALYZER_NONNULL = YES;
				CLANG_ANALYZER_NUMBER_OBJECT_CONVERSION = YES_AGGRESSIVE;
				CLANG_CXX_LANGUAGE_STANDARD = "gnu++14";
				CLANG_CXX_LIBRARY = "libc++";
				CLANG_ENABLE_MODULES = YES;
				CLANG_ENABLE_OBJC_ARC = YES;
				CLANG_ENABLE_OBJC_WEAK = YES;
				CLANG_WARN_BLOCK_CAPTURE_AUTORELEASING = YES;
				CLANG_WARN_BOOL_CONVERSION = YES;
				CLANG_WARN_COMMA = YES;
				CLANG_WARN_CONSTANT_CONVERSION = YES;
				CLANG_WARN_DEPRECATED_OBJC_IMPLEMENTATIONS = YES;
				CLANG_WARN_DIRECT_OBJC_ISA_USAGE = YES_ERROR;
				CLANG_WARN_DOCUMENTATION_COMMENTS = YES;
				CLANG_WARN_EMPTY_BODY = YES;
				CLANG_WARN_ENUM_CONVERSION = YES;
				CLANG_WARN_INFINITE_RECURSION = YES;
				CLANG_WARN_INT_CONVERSION = YES;
				CLANG_WARN_NON_LITERAL_NULL_CONVERSION = YES;
				CLANG_WARN_OBJC_IMPLICIT_RETAIN_SELF = YES;
				CLANG_WARN_OBJC_LITERAL_CONVERSION = YES;
				CLANG_WARN_OBJC_ROOT_CLASS = YES_ERROR;
				CLANG_WARN_QUOTED_INCLUDE_IN_FRAMEWORK_HEADER = YES;
				CLANG_WARN_RANGE_LOOP_ANALYSIS = YES;
				CLANG_WARN_STRICT_PROTOTYPES = YES;
				CLANG_WARN_SUSPICIOUS_MOVE = YES;
				CLANG_WARN_UNGUARDED_AVAILABILITY = YES_AGGRESSIVE;
				CLANG_WARN_UNREACHABLE_CODE = YES;
				CLANG_WARN__DUPLICATE_METHOD_MATCH = YES;
				COPY_PHASE_STRIP = NO;
				DEBUG_INFORMATION_FORMAT = "dwarf-with-dsym";
				ENABLE_NS_ASSERTIONS = NO;
				ENABLE_STRICT_OBJC_MSGSEND = YES;
				GCC_C_LANGUAGE_STANDARD = gnu11;
				GCC_NO_COMMON_BLOCKS = YES;
				GCC_WARN_64_TO_32_BIT_CONVERSION = YES;
				GCC_WARN_ABOUT_RETURN_TYPE = YES_ERROR;
				GCC_WARN_UNDECLARED_SELECTOR = YES;
				GCC_WARN_UNINITIALIZED_AUTOS = YES_AGGRESSIVE;
				GCC_WARN_UNUSED_FUNCTION = YES;
				GCC_WARN_UNUSED_VARIABLE = YES;
				IPHONEOS_DEPLOYMENT_TARGET = 14.4;
				MTL_ENABLE_DEBUG_INFO = NO;
				MTL_FAST_MATH = YES;
				SDKROOT = iphoneos;
				SWIFT_COMPILATION_MODE = wholemodule;
				SWIFT_OPTIMIZATION_LEVEL = "-O";
				VALIDATE_PRODUCT = YES;
			};
			name = Release;
		};
		478BEDF0260B202A00D795E6 /* Debug */ = {
			isa = XCBuildConfiguration;
			buildSettings = {
				ASSETCATALOG_COMPILER_APPICON_NAME = AppIcon;
				ASSETCATALOG_COMPILER_GLOBAL_ACCENT_COLOR_NAME = AccentColor;
				CODE_SIGN_STYLE = Automatic;
				DEVELOPMENT_ASSET_PATHS = "\"gesture_game/Preview Content\"";
				ENABLE_PREVIEWS = YES;
				INFOPLIST_FILE = gesture_game/Info.plist;
				IPHONEOS_DEPLOYMENT_TARGET = 14.0;
				LD_RUNPATH_SEARCH_PATHS = (
					"$(inherited)",
					"@executable_path/Frameworks",
				);
				PRODUCT_BUNDLE_IDENTIFIER = "xyz.flexolk.gesture-game";
				PRODUCT_NAME = "$(TARGET_NAME)";
				SWIFT_VERSION = 5.0;
				TARGETED_DEVICE_FAMILY = "1,2";
			};
			name = Debug;
		};
		478BEDF1260B202A00D795E6 /* Release */ = {
			isa = XCBuildConfiguration;
			buildSettings = {
				ASSETCATALOG_COMPILER_APPICON_NAME = AppIcon;
				ASSETCATALOG_COMPILER_GLOBAL_ACCENT_COLOR_NAME = AccentColor;
				CODE_SIGN_STYLE = Automatic;
				DEVELOPMENT_ASSET_PATHS = "\"gesture_game/Preview Content\"";
				ENABLE_PREVIEWS = YES;
				INFOPLIST_FILE = gesture_game/Info.plist;
				IPHONEOS_DEPLOYMENT_TARGET = 14.0;
				LD_RUNPATH_SEARCH_PATHS = (
					"$(inherited)",
					"@executable_path/Frameworks",
				);
				PRODUCT_BUNDLE_IDENTIFIER = "xyz.flexolk.gesture-game";
				PRODUCT_NAME = "$(TARGET_NAME)";
				SWIFT_VERSION = 5.0;
				TARGETED_DEVICE_FAMILY = "1,2";
			};
			name = Release;
		};
/* End XCBuildConfiguration section */

/* Begin XCConfigurationList section */
		478BEDDB260B202700D795E6 /* Build configuration list for PBXProject "gesture_game" */ = {
			isa = XCConfigurationList;
			buildConfigurations = (
				478BEDED260B202A00D795E6 /* Debug */,
				478BEDEE260B202A00D795E6 /* Release */,
			);
			defaultConfigurationIsVisible = 0;
			defaultConfigurationName = Release;
		};
		478BEDEF260B202A00D795E6 /* Build configuration list for PBXNativeTarget "gesture_game" */ = {
			isa = XCConfigurationList;
			buildConfigurations = (
				478BEDF0260B202A00D795E6 /* Debug */,
				478BEDF1260B202A00D795E6 /* Release */,
			);
			defaultConfigurationIsVisible = 0;
			defaultConfigurationName = Release;
		};
/* End XCConfigurationList section */
	};
	rootObject = 478BEDD8260B202700D795E6 /* Project object */;
}
